
Microsoft Visual Studio Solution File, Format Version 12.00
# Visual Studio Version 17
VisualStudioVersion = 17.4.33110.190
MinimumVisualStudioVersion = 10.0.40219.1
Project("{FAE04EC0-301F-11D3-BF4B-00C04F79EFBC}") = "AL", "AL\AL.csproj", "{35F3EA80-9BED-412F-A8DD-EE63519648E9}"
EndProject
Project("{FAE04EC0-301F-11D3-BF4B-00C04F79EFBC}") = "BLL", "BLL\BLL.csproj", "{A3A5E5B7-0674-44BC-AE85-A98F1DD774CF}"
EndProject
Project("{FAE04EC0-301F-11D3-BF4B-00C04F79EFBC}") = "DAL", "DAL\DAL.csproj", "{618F27D1-6B9F-4116-954A-B2DC3BFECB6C}"
EndProject
Global
	GlobalSection(SolutionConfigurationPlatforms) = preSolution
		Debug|Any CPU = Debug|Any CPU
		Release|Any CPU = Release|Any CPU
	EndGlobalSection
	GlobalSection(ProjectConfigurationPlatforms) = postSolution
		{35F3EA80-9BED-412F-A8DD-EE63519648E9}.Debug|Any CPU.ActiveCfg = Debug|Any CPU
		{35F3EA80-9BED-412F-A8DD-EE63519648E9}.Debug|Any CPU.Build.0 = Debug|Any CPU
		{35F3EA80-9BED-412F-A8DD-EE63519648E9}.Release|Any CPU.ActiveCfg = Release|Any CPU
		{35F3EA80-9BED-412F-A8DD-EE63519648E9}.Release|Any CPU.Build.0 = Release|Any CPU
		{A3A5E5B7-0674-44BC-AE85-A98F1DD774CF}.Debug|Any CPU.ActiveCfg = Debug|Any CPU
		{A3A5E5B7-0674-44BC-AE85-A98F1DD774CF}.Debug|Any CPU.Build.0 = Debug|Any CPU
		{A3A5E5B7-0674-44BC-AE85-A98F1DD774CF}.Release|Any CPU.ActiveCfg = Release|Any CPU
		{A3A5E5B7-0674-44BC-AE85-A98F1DD774CF}.Release|Any CPU.Build.0 = Release|Any CPU
		{618F27D1-6B9F-4116-954A-B2DC3BFECB6C}.Debug|Any CPU.ActiveCfg = Debug|Any CPU
		{618F27D1-6B9F-4116-954A-B2DC3BFECB6C}.Debug|Any CPU.Build.0 = Debug|Any CPU
		{618F27D1-6B9F-4116-954A-B2DC3BFECB6C}.Release|Any CPU.ActiveCfg = Release|Any CPU
		{618F27D1-6B9F-4116-954A-B2DC3BFECB6C}.Release|Any CPU.Build.0 = Release|Any CPU
	EndGlobalSection
	GlobalSection(SolutionProperties) = preSolution
		HideSolutionNode = FALSE
	EndGlobalSection
	GlobalSection(ExtensibilityGlobals) = postSolution
		SolutionGuid = {1440CC39-90A6-4E8E-A2C0-0D3646DB5D23}
	EndGlobalSection
EndGlobal
